<?xml version="1.0" encoding="utf-8"?>
<Project ToolsVersion="4.0" xmlns="http://schemas.microsoft.com/developer/msbuild/2003">
  <ItemGroup>
    <Filter Include="Resource Files">
      <UniqueIdentifier>{67DA6AB6-F800-4c08-8B7A-83BB121AAD01}</UniqueIdentifier>
      <Extensions>rc;ico;cur;bmp;dlg;rc2;rct;bin;rgs;gif;jpg;jpeg;jpe;resx;tiff;tif;png;wav;mfcribbon-ms</Extensions>
    </Filter>
  </ItemGroup>
  <ItemGroup>
    <ClInclude Include="BasicDataTypes.h" />
    <ClInclude Include="Director.h" />
    <ClInclude Include="FileUtility.h" />
    <ClInclude Include="Image.h" />
    <ClInclude Include="Line2D.h" />
    <ClInclude Include="MGRRenderer.h" />
    <ClInclude Include="Node.h" />
    <ClInclude Include="Point2D.h" />
    <ClInclude Include="Polygon2D.h" />
    <ClInclude Include="Scene.h" />
    <ClInclude Include="Sprite2D.h" />
    <ClInclude Include="Texture.h" />
    <ClInclude Include="Point3D.h" />
    <ClInclude Include="Line3D.h" />
    <ClInclude Include="Polygon3D.h" />
    <ClInclude Include="Camera.h" />
    <ClInclude Include="ObjLoader.h" />
    <ClInclude Include="Sprite3D.h" />
    <ClInclude Include="C3bLoader.h" />
    <ClInclude Include="BinaryReader.h" />
    <ClInclude Include="Logger.h" />
    <ClInclude Include="FPSFontImage.h" />
    <ClInclude Include="LabelAtlas.h" />
    <ClInclude Include="BillBoard.h" />
    <ClInclude Include="Light.h" />
    <ClInclude Include="Particle3D.h" />
    <ClInclude Include="Renderer.h" />
    <ClInclude Include="RenderCommand.h" />
    <ClInclude Include="CustomRenderCommand.h" />
    <ClInclude Include="GroupBeginRenderCommand.h" />
    <ClInclude Include="GroupEndRenderCommand.h" />
  </ItemGroup>
  <ItemGroup>
    <ClCompile Include="Director.cpp" />
    <ClCompile Include="FileUtility.cpp" />
    <ClCompile Include="Image.cpp" />
    <ClCompile Include="Line2D.cpp" />
    <ClCompile Include="main.cpp" />
    <ClCompile Include="Node.cpp" />
    <ClCompile Include="Point2D.cpp" />
    <ClCompile Include="Polygon2D.cpp" />
    <ClCompile Include="Scene.cpp" />
    <ClCompile Include="Sprite2D.cpp" />
    <ClCompile Include="Texture.cpp" />
    <ClCompile Include="Point3D.cpp" />
    <ClCompile Include="Line3D.cpp" />
    <ClCompile Include="Polygon3D.cpp" />
    <ClCompile Include="Camera.cpp" />
    <ClCompile Include="ObjLoader.cpp" />
    <ClCompile Include="Sprite3D.cpp" />
    <ClCompile Include="C3bLoader.cpp" />
    <ClCompile Include="BasicDataTypes.cpp" />
    <ClCompile Include="BinaryReader.cpp" />
    <ClCompile Include="Logger.cpp" />
    <ClCompile Include="FPSFontImage.cpp" />
    <ClCompile Include="LabelAtlas.cpp" />
    <ClCompile Include="BillBoard.cpp" />
    <ClCompile Include="Light.cpp" />
    <ClCompile Include="Particle3D.cpp" />
    <ClCompile Include="Renderer.cpp" />
    <ClCompile Include="RenderCommand.cpp" />
    <ClCompile Include="CustomRenderCommand.cpp" />
    <ClCompile Include="GroupBeginRenderCommand.cpp" />
    <ClCompile Include="GroupEndRenderCommand.cpp" />
  </ItemGroup>
</Project>