<?xml version="1.0" encoding="utf-8"?>
<Project ToolsVersion="4.0" xmlns="http://schemas.microsoft.com/developer/msbuild/2003">
  <ItemGroup>
    <Filter Include="Resource Files">
      <UniqueIdentifier>{67DA6AB6-F800-4c08-8B7A-83BB121AAD01}</UniqueIdentifier>
      <Extensions>rc;ico;cur;bmp;dlg;rc2;rct;bin;rgs;gif;jpg;jpeg;jpe;resx;tiff;tif;png;wav;mfcribbon-ms</Extensions>
    </Filter>
    <Filter Include="Sources">
      <UniqueIdentifier>{8dd5caaa-3a59-426a-a124-904eaa854a34}</UniqueIdentifier>
    </Filter>
  </ItemGroup>
  <ItemGroup>
    <ClInclude Include="C3bLoader.h">
      <Filter>Sources</Filter>
    </ClInclude>
    <ClInclude Include="Camera.h">
      <Filter>Sources</Filter>
    </ClInclude>
    <ClInclude Include="Config.h">
      <Filter>Sources</Filter>
    </ClInclude>
    <ClInclude Include="CustomRenderCommand.h">
      <Filter>Sources</Filter>
    </ClInclude>
    <ClInclude Include="D3DProgram.h">
      <Filter>Sources</Filter>
    </ClInclude>
    <ClInclude Include="D3DTexture.h">
      <Filter>Sources</Filter>
    </ClInclude>
    <ClInclude Include="Director.h">
      <Filter>Sources</Filter>
    </ClInclude>
    <ClInclude Include="FileUtility.h">
      <Filter>Sources</Filter>
    </ClInclude>
    <ClInclude Include="FPSFontImage.h">
      <Filter>Sources</Filter>
    </ClInclude>
    <ClInclude Include="GLFrameBuffer.h">
      <Filter>Sources</Filter>
    </ClInclude>
    <ClInclude Include="GLProgram.h">
      <Filter>Sources</Filter>
    </ClInclude>
    <ClInclude Include="GLTexture.h">
      <Filter>Sources</Filter>
    </ClInclude>
    <ClInclude Include="GroupBeginRenderCommand.h">
      <Filter>Sources</Filter>
    </ClInclude>
    <ClInclude Include="GroupEndRenderCommand.h">
      <Filter>Sources</Filter>
    </ClInclude>
    <ClInclude Include="Image.h">
      <Filter>Sources</Filter>
    </ClInclude>
    <ClInclude Include="LabelAtlas.h">
      <Filter>Sources</Filter>
    </ClInclude>
    <ClInclude Include="Light.h">
      <Filter>Sources</Filter>
    </ClInclude>
    <ClInclude Include="Line2D.h">
      <Filter>Sources</Filter>
    </ClInclude>
    <ClInclude Include="Line3D.h">
      <Filter>Sources</Filter>
    </ClInclude>
    <ClInclude Include="Logger.h">
      <Filter>Sources</Filter>
    </ClInclude>
    <ClInclude Include="BasicDataTypes.h">
      <Filter>Sources</Filter>
    </ClInclude>
    <ClInclude Include="BillBoard.h">
      <Filter>Sources</Filter>
    </ClInclude>
    <ClInclude Include="BinaryReader.h">
      <Filter>Sources</Filter>
    </ClInclude>
    <ClInclude Include="MGRRenderer.h">
      <Filter>Sources</Filter>
    </ClInclude>
    <ClInclude Include="Node.h">
      <Filter>Sources</Filter>
    </ClInclude>
    <ClInclude Include="ObjLoader.h">
      <Filter>Sources</Filter>
    </ClInclude>
    <ClInclude Include="Particle3D.h">
      <Filter>Sources</Filter>
    </ClInclude>
    <ClInclude Include="Point2D.h">
      <Filter>Sources</Filter>
    </ClInclude>
    <ClInclude Include="Point3D.h">
      <Filter>Sources</Filter>
    </ClInclude>
    <ClInclude Include="Polygon2D.h">
      <Filter>Sources</Filter>
    </ClInclude>
    <ClInclude Include="Polygon3D.h">
      <Filter>Sources</Filter>
    </ClInclude>
    <ClInclude Include="RenderCommand.h">
      <Filter>Sources</Filter>
    </ClInclude>
    <ClInclude Include="Renderer.h">
      <Filter>Sources</Filter>
    </ClInclude>
    <ClInclude Include="Scene.h">
      <Filter>Sources</Filter>
    </ClInclude>
    <ClInclude Include="Shaders.h">
      <Filter>Sources</Filter>
    </ClInclude>
    <ClInclude Include="Sprite2D.h">
      <Filter>Sources</Filter>
    </ClInclude>
    <ClInclude Include="Sprite3D.h">
      <Filter>Sources</Filter>
    </ClInclude>
    <ClInclude Include="Texture.h">
      <Filter>Sources</Filter>
    </ClInclude>
    <ClInclude Include="TextureUtility.h">
      <Filter>Sources</Filter>
    </ClInclude>
  </ItemGroup>
  <ItemGroup>
    <ClCompile Include="C3bLoader.cpp">
      <Filter>Sources</Filter>
    </ClCompile>
    <ClCompile Include="Camera.cpp">
      <Filter>Sources</Filter>
    </ClCompile>
    <ClCompile Include="CustomRenderCommand.cpp">
      <Filter>Sources</Filter>
    </ClCompile>
    <ClCompile Include="D3DProgram.cpp">
      <Filter>Sources</Filter>
    </ClCompile>
    <ClCompile Include="D3DTexture.cpp">
      <Filter>Sources</Filter>
    </ClCompile>
    <ClCompile Include="Director.cpp">
      <Filter>Sources</Filter>
    </ClCompile>
    <ClCompile Include="FileUtility.cpp">
      <Filter>Sources</Filter>
    </ClCompile>
    <ClCompile Include="FPSFontImage.cpp">
      <Filter>Sources</Filter>
    </ClCompile>
    <ClCompile Include="GLFrameBuffer.cpp">
      <Filter>Sources</Filter>
    </ClCompile>
    <ClCompile Include="GLProgram.cpp">
      <Filter>Sources</Filter>
    </ClCompile>
    <ClCompile Include="GLTexture.cpp">
      <Filter>Sources</Filter>
    </ClCompile>
    <ClCompile Include="GroupBeginRenderCommand.cpp">
      <Filter>Sources</Filter>
    </ClCompile>
    <ClCompile Include="GroupEndRenderCommand.cpp">
      <Filter>Sources</Filter>
    </ClCompile>
    <ClCompile Include="Image.cpp">
      <Filter>Sources</Filter>
    </ClCompile>
    <ClCompile Include="LabelAtlas.cpp">
      <Filter>Sources</Filter>
    </ClCompile>
    <ClCompile Include="Light.cpp">
      <Filter>Sources</Filter>
    </ClCompile>
    <ClCompile Include="Line2D.cpp">
      <Filter>Sources</Filter>
    </ClCompile>
    <ClCompile Include="Line3D.cpp">
      <Filter>Sources</Filter>
    </ClCompile>
    <ClCompile Include="Logger.cpp">
      <Filter>Sources</Filter>
    </ClCompile>
    <ClCompile Include="main.cpp">
      <Filter>Sources</Filter>
    </ClCompile>
    <ClCompile Include="BasicDataTypes.cpp">
      <Filter>Sources</Filter>
    </ClCompile>
    <ClCompile Include="BillBoard.cpp">
      <Filter>Sources</Filter>
    </ClCompile>
    <ClCompile Include="BinaryReader.cpp">
      <Filter>Sources</Filter>
    </ClCompile>
    <ClCompile Include="Node.cpp">
      <Filter>Sources</Filter>
    </ClCompile>
    <ClCompile Include="ObjLoader.cpp">
      <Filter>Sources</Filter>
    </ClCompile>
    <ClCompile Include="Particle3D.cpp">
      <Filter>Sources</Filter>
    </ClCompile>
    <ClCompile Include="Point2D.cpp">
      <Filter>Sources</Filter>
    </ClCompile>
    <ClCompile Include="Point3D.cpp">
      <Filter>Sources</Filter>
    </ClCompile>
    <ClCompile Include="Polygon2D.cpp">
      <Filter>Sources</Filter>
    </ClCompile>
    <ClCompile Include="Polygon3D.cpp">
      <Filter>Sources</Filter>
    </ClCompile>
    <ClCompile Include="RenderCommand.cpp">
      <Filter>Sources</Filter>
    </ClCompile>
    <ClCompile Include="Renderer.cpp">
      <Filter>Sources</Filter>
    </ClCompile>
    <ClCompile Include="Scene.cpp">
      <Filter>Sources</Filter>
    </ClCompile>
    <ClCompile Include="Shaders.cpp">
      <Filter>Sources</Filter>
    </ClCompile>
    <ClCompile Include="Sprite2D.cpp">
      <Filter>Sources</Filter>
    </ClCompile>
    <ClCompile Include="Sprite3D.cpp">
      <Filter>Sources</Filter>
    </ClCompile>
    <ClCompile Include="Texture.cpp">
      <Filter>Sources</Filter>
    </ClCompile>
    <ClCompile Include="TextureUtility.cpp">
      <Filter>Sources</Filter>
    </ClCompile>
  </ItemGroup>
  <ItemGroup>
    <None Include="FragmentShaderPositionMultiplyColor.glsl" />
    <None Include="FragmentShaderPositionTextureMultiplyColor.glsl" />
    <None Include="Polygon3D.hlsl" />
    <None Include="Obj.hlsl" />
    <None Include="Point.hlsl" />
    <None Include="PositionMultiplyColor.hlsl" />
    <None Include="PositionTextureMultiplyColor.hlsl" />
    <None Include="PositionRenderBufferMultiplyColor.hlsl" />
    <None Include="GBufferPack.hlsl" />
    <None Include="GBufferUnpack.hlsl" />
    <None Include="FragmentShaderPositionNormalMultiplyColorGBuffer.glsl" />
    <None Include="FragmentShaderPositionNormalTextureMultiplyColorGBuffer.glsl" />
    <None Include="VertexShaderPosition.glsl" />
    <None Include="VertexShaderPositionNormal.glsl" />
    <None Include="VertexShaderPositionTexture.glsl" />
    <None Include="VertexShaderDeferredLighting.glsl" />
    <None Include="VertexShaderObj.glsl" />
    <None Include="C3bC3t.hlsl" />
    <None Include="FragmentShaderDeferredLighting.glsl" />
    <None Include="FragmentShaderGBuffer.glsl" />
    <None Include="DeferredLighting.hlsl" />
    <None Include="Line.hlsl" />
  </ItemGroup>
</Project>