<?xml version="1.0" encoding="utf-8"?>
<Project ToolsVersion="4.0" xmlns="http://schemas.microsoft.com/developer/msbuild/2003">
  <ItemGroup>
    <Filter Include="Resource Files">
      <UniqueIdentifier>{67DA6AB6-F800-4c08-8B7A-83BB121AAD01}</UniqueIdentifier>
      <Extensions>rc;ico;cur;bmp;dlg;rc2;rct;bin;rgs;gif;jpg;jpeg;jpe;resx;tiff;tif;png;wav;mfcribbon-ms</Extensions>
    </Filter>
    <Filter Include="Sources">
      <UniqueIdentifier>{8dd5caaa-3a59-426a-a124-904eaa854a34}</UniqueIdentifier>
    </Filter>
    <Filter Include="Sources\renderer">
      <UniqueIdentifier>{6eb3f8ce-0d7f-41ac-8b66-3ab3bdf817c5}</UniqueIdentifier>
    </Filter>
    <Filter Include="Sources\node">
      <UniqueIdentifier>{d72859cf-0c07-4dd1-b8be-c574d378509c}</UniqueIdentifier>
    </Filter>
    <Filter Include="Sources\embeddata">
      <UniqueIdentifier>{37425555-6b04-4c6e-a58f-890872150def}</UniqueIdentifier>
    </Filter>
    <Filter Include="Sources\utility">
      <UniqueIdentifier>{422e5893-a50e-446e-b2c6-ca98349b32fc}</UniqueIdentifier>
    </Filter>
    <Filter Include="Sources\loader">
      <UniqueIdentifier>{798070e3-5532-4313-82f8-70a6dff92ac6}</UniqueIdentifier>
    </Filter>
    <Filter Include="Resource Files\shader">
      <UniqueIdentifier>{853f62e5-038f-4891-85aa-9feb51342884}</UniqueIdentifier>
    </Filter>
  </ItemGroup>
  <ItemGroup>
    <None Include="Resources\box.c3t">
      <Filter>Resource Files</Filter>
    </None>
    <None Include="Resources\orc.c3b">
      <Filter>Resource Files</Filter>
    </None>
    <None Include="Resources\orc.c3t">
      <Filter>Resource Files</Filter>
    </None>
    <None Include="Resources\orc_jump.c3t">
      <Filter>Resource Files</Filter>
    </None>
    <None Include="Resources\plane.c3t">
      <Filter>Resource Files</Filter>
    </None>
    <None Include="Resources\shader\FragmentShaderDeferredLighting.glsl">
      <Filter>Resource Files\shader</Filter>
    </None>
    <None Include="Resources\shader\FragmentShaderPositionMultiplyColor.glsl">
      <Filter>Resource Files\shader</Filter>
    </None>
    <None Include="Resources\shader\FragmentShaderPositionNormalMultiplyColorGBuffer.glsl">
      <Filter>Resource Files\shader</Filter>
    </None>
    <None Include="Resources\shader\FragmentShaderPositionNormalTextureMultiplyColorGBuffer.glsl">
      <Filter>Resource Files\shader</Filter>
    </None>
    <None Include="Resources\shader\FragmentShaderPositionTextureMultiplyColor.glsl">
      <Filter>Resource Files\shader</Filter>
    </None>
    <None Include="Resources\shader\VertexShaderDeferredLighting.glsl">
      <Filter>Resource Files\shader</Filter>
    </None>
    <None Include="Resources\shader\VertexShaderObj.glsl">
      <Filter>Resource Files\shader</Filter>
    </None>
    <None Include="Resources\shader\VertexShaderPosition.glsl">
      <Filter>Resource Files\shader</Filter>
    </None>
    <None Include="Resources\shader\VertexShaderPositionNormal.glsl">
      <Filter>Resource Files\shader</Filter>
    </None>
    <None Include="Resources\shader\VertexShaderPositionTexture.glsl">
      <Filter>Resource Files\shader</Filter>
    </None>
    <None Include="Resources\shader\FragmentShaderPositionTextureMultiplyColorGBuffer.glsl">
      <Filter>Resource Files\shader</Filter>
    </None>
    <None Include="Resources\shader\VertexShaderPositionTextureMacro.glsl">
      <Filter>Resource Files\shader</Filter>
    </None>
    <None Include="Resources\shader\FragmentShaderDepthCubemapTexture.glsl">
      <Filter>Resource Files\shader</Filter>
    </None>
    <None Include="Resources\shader\FragmentShaderDepthTexture.glsl">
      <Filter>Resource Files\shader</Filter>
    </None>
    <None Include="Resources\shader\FragmentShaderDepthTextureOrthogonal.glsl">
      <Filter>Resource Files\shader</Filter>
    </None>
    <None Include="Resources\shader\FragmentShaderGBufferColorSpecularIntensity.glsl">
      <Filter>Resource Files\shader</Filter>
    </None>
    <None Include="Resources\shader\FragmentShaderGBufferNormal.glsl">
      <Filter>Resource Files\shader</Filter>
    </None>
    <None Include="Resources\shader\FragmentShaderGBufferSpecularPower.glsl">
      <Filter>Resource Files\shader</Filter>
    </None>
    <None Include="Resources\shader\FragmentShaderPositionNormalMultiplyColor3D.glsl">
      <Filter>Resource Files\shader</Filter>
    </None>
    <None Include="Resources\shader\VertexShaderPositionNormalMultiplyColor3D.glsl">
      <Filter>Resource Files\shader</Filter>
    </None>
    <None Include="Resources\shader\VertexShaderPositionNormalTextureMultiplyColor3D.glsl">
      <Filter>Resource Files\shader</Filter>
    </None>
    <None Include="Resources\shader\FragmentShaderPositionTextureNormalMultiplyColor3D.glsl">
      <Filter>Resource Files\shader</Filter>
    </None>
    <None Include="Resources\shader\VertexShaderC3bC3t.glsl">
      <Filter>Resource Files\shader</Filter>
    </None>
    <None Include="Resources\shader\FragmentShaderC3bC3t.glsl">
      <Filter>Resource Files\shader</Filter>
    </None>
  </ItemGroup>
  <ItemGroup>
    <ClInclude Include="Sources\Config.h">
      <Filter>Sources</Filter>
    </ClInclude>
    <ClInclude Include="Sources\MGRRenderer.h">
      <Filter>Sources</Filter>
    </ClInclude>
    <ClInclude Include="Sources\embeddata\FPSFontImage.h">
      <Filter>Sources\embeddata</Filter>
    </ClInclude>
    <ClInclude Include="Sources\loader\BinaryReader.h">
      <Filter>Sources\loader</Filter>
    </ClInclude>
    <ClInclude Include="Sources\loader\C3bLoader.h">
      <Filter>Sources\loader</Filter>
    </ClInclude>
    <ClInclude Include="Sources\loader\ObjLoader.h">
      <Filter>Sources\loader</Filter>
    </ClInclude>
    <ClInclude Include="Sources\utility\FileUtility.h">
      <Filter>Sources\utility</Filter>
    </ClInclude>
    <ClInclude Include="Sources\utility\Logger.h">
      <Filter>Sources\utility</Filter>
    </ClInclude>
    <ClInclude Include="Sources\node\BillBoard.h">
      <Filter>Sources\node</Filter>
    </ClInclude>
    <ClInclude Include="Sources\node\Camera.h">
      <Filter>Sources\node</Filter>
    </ClInclude>
    <ClInclude Include="Sources\node\Light.h">
      <Filter>Sources\node</Filter>
    </ClInclude>
    <ClInclude Include="Sources\node\Line2D.h">
      <Filter>Sources\node</Filter>
    </ClInclude>
    <ClInclude Include="Sources\node\Line3D.h">
      <Filter>Sources\node</Filter>
    </ClInclude>
    <ClInclude Include="Sources\node\Node.h">
      <Filter>Sources\node</Filter>
    </ClInclude>
    <ClInclude Include="Sources\node\Particle3D.h">
      <Filter>Sources\node</Filter>
    </ClInclude>
    <ClInclude Include="Sources\node\Point2D.h">
      <Filter>Sources\node</Filter>
    </ClInclude>
    <ClInclude Include="Sources\node\Point3D.h">
      <Filter>Sources\node</Filter>
    </ClInclude>
    <ClInclude Include="Sources\node\Polygon2D.h">
      <Filter>Sources\node</Filter>
    </ClInclude>
    <ClInclude Include="Sources\node\Polygon3D.h">
      <Filter>Sources\node</Filter>
    </ClInclude>
    <ClInclude Include="Sources\node\Scene.h">
      <Filter>Sources\node</Filter>
    </ClInclude>
    <ClInclude Include="Sources\node\Sprite2D.h">
      <Filter>Sources\node</Filter>
    </ClInclude>
    <ClInclude Include="Sources\node\Sprite3D.h">
      <Filter>Sources\node</Filter>
    </ClInclude>
    <ClInclude Include="Sources\renderer\BasicDataTypes.h">
      <Filter>Sources\renderer</Filter>
    </ClInclude>
    <ClInclude Include="Sources\renderer\CustomRenderCommand.h">
      <Filter>Sources\renderer</Filter>
    </ClInclude>
    <ClInclude Include="Sources\renderer\D3DProgram.h">
      <Filter>Sources\renderer</Filter>
    </ClInclude>
    <ClInclude Include="Sources\renderer\D3DTexture.h">
      <Filter>Sources\renderer</Filter>
    </ClInclude>
    <ClInclude Include="Sources\renderer\Director.h">
      <Filter>Sources\renderer</Filter>
    </ClInclude>
    <ClInclude Include="Sources\renderer\GLFrameBuffer.h">
      <Filter>Sources\renderer</Filter>
    </ClInclude>
    <ClInclude Include="Sources\renderer\GLProgram.h">
      <Filter>Sources\renderer</Filter>
    </ClInclude>
    <ClInclude Include="Sources\renderer\GLTexture.h">
      <Filter>Sources\renderer</Filter>
    </ClInclude>
    <ClInclude Include="Sources\renderer\GroupBeginRenderCommand.h">
      <Filter>Sources\renderer</Filter>
    </ClInclude>
    <ClInclude Include="Sources\renderer\GroupEndRenderCommand.h">
      <Filter>Sources\renderer</Filter>
    </ClInclude>
    <ClInclude Include="Sources\renderer\Image.h">
      <Filter>Sources\renderer</Filter>
    </ClInclude>
    <ClInclude Include="Sources\renderer\RenderCommand.h">
      <Filter>Sources\renderer</Filter>
    </ClInclude>
    <ClInclude Include="Sources\renderer\Renderer.h">
      <Filter>Sources\renderer</Filter>
    </ClInclude>
    <ClInclude Include="Sources\renderer\Shaders.h">
      <Filter>Sources\renderer</Filter>
    </ClInclude>
    <ClInclude Include="Sources\renderer\Texture.h">
      <Filter>Sources\renderer</Filter>
    </ClInclude>
    <ClInclude Include="Sources\renderer\TextureUtility.h">
      <Filter>Sources\renderer</Filter>
    </ClInclude>
    <ClInclude Include="Sources\node\LabelAtlas.h">
      <Filter>Sources\node</Filter>
    </ClInclude>
  </ItemGroup>
  <ItemGroup>
    <ClCompile Include="Sources\main.cpp">
      <Filter>Sources</Filter>
    </ClCompile>
    <ClCompile Include="Sources\embeddata\FPSFontImage.cpp">
      <Filter>Sources\embeddata</Filter>
    </ClCompile>
    <ClCompile Include="Sources\loader\BinaryReader.cpp">
      <Filter>Sources\loader</Filter>
    </ClCompile>
    <ClCompile Include="Sources\loader\C3bLoader.cpp">
      <Filter>Sources\loader</Filter>
    </ClCompile>
    <ClCompile Include="Sources\loader\ObjLoader.cpp">
      <Filter>Sources\loader</Filter>
    </ClCompile>
    <ClCompile Include="Sources\utility\FileUtility.cpp">
      <Filter>Sources\utility</Filter>
    </ClCompile>
    <ClCompile Include="Sources\utility\Logger.cpp">
      <Filter>Sources\utility</Filter>
    </ClCompile>
    <ClCompile Include="Sources\node\BillBoard.cpp">
      <Filter>Sources\node</Filter>
    </ClCompile>
    <ClCompile Include="Sources\node\Camera.cpp">
      <Filter>Sources\node</Filter>
    </ClCompile>
    <ClCompile Include="Sources\node\LabelAtlas.cpp">
      <Filter>Sources\node</Filter>
    </ClCompile>
    <ClCompile Include="Sources\node\Light.cpp">
      <Filter>Sources\node</Filter>
    </ClCompile>
    <ClCompile Include="Sources\node\Line2D.cpp">
      <Filter>Sources\node</Filter>
    </ClCompile>
    <ClCompile Include="Sources\node\Line3D.cpp">
      <Filter>Sources\node</Filter>
    </ClCompile>
    <ClCompile Include="Sources\node\Node.cpp">
      <Filter>Sources\node</Filter>
    </ClCompile>
    <ClCompile Include="Sources\node\Particle3D.cpp">
      <Filter>Sources\node</Filter>
    </ClCompile>
    <ClCompile Include="Sources\node\Point2D.cpp">
      <Filter>Sources\node</Filter>
    </ClCompile>
    <ClCompile Include="Sources\node\Point3D.cpp">
      <Filter>Sources\node</Filter>
    </ClCompile>
    <ClCompile Include="Sources\node\Polygon2D.cpp">
      <Filter>Sources\node</Filter>
    </ClCompile>
    <ClCompile Include="Sources\node\Polygon3D.cpp">
      <Filter>Sources\node</Filter>
    </ClCompile>
    <ClCompile Include="Sources\node\Scene.cpp">
      <Filter>Sources\node</Filter>
    </ClCompile>
    <ClCompile Include="Sources\node\Sprite2D.cpp">
      <Filter>Sources\node</Filter>
    </ClCompile>
    <ClCompile Include="Sources\node\Sprite3D.cpp">
      <Filter>Sources\node</Filter>
    </ClCompile>
    <ClCompile Include="Sources\renderer\BasicDataTypes.cpp">
      <Filter>Sources\renderer</Filter>
    </ClCompile>
    <ClCompile Include="Sources\renderer\CustomRenderCommand.cpp">
      <Filter>Sources\renderer</Filter>
    </ClCompile>
    <ClCompile Include="Sources\renderer\D3DProgram.cpp">
      <Filter>Sources\renderer</Filter>
    </ClCompile>
    <ClCompile Include="Sources\renderer\D3DTexture.cpp">
      <Filter>Sources\renderer</Filter>
    </ClCompile>
    <ClCompile Include="Sources\renderer\Director.cpp">
      <Filter>Sources\renderer</Filter>
    </ClCompile>
    <ClCompile Include="Sources\renderer\GLFrameBuffer.cpp">
      <Filter>Sources\renderer</Filter>
    </ClCompile>
    <ClCompile Include="Sources\renderer\GLProgram.cpp">
      <Filter>Sources\renderer</Filter>
    </ClCompile>
    <ClCompile Include="Sources\renderer\GLTexture.cpp">
      <Filter>Sources\renderer</Filter>
    </ClCompile>
    <ClCompile Include="Sources\renderer\GroupBeginRenderCommand.cpp">
      <Filter>Sources\renderer</Filter>
    </ClCompile>
    <ClCompile Include="Sources\renderer\GroupEndRenderCommand.cpp">
      <Filter>Sources\renderer</Filter>
    </ClCompile>
    <ClCompile Include="Sources\renderer\Image.cpp">
      <Filter>Sources\renderer</Filter>
    </ClCompile>
    <ClCompile Include="Sources\renderer\RenderCommand.cpp">
      <Filter>Sources\renderer</Filter>
    </ClCompile>
    <ClCompile Include="Sources\renderer\Renderer.cpp">
      <Filter>Sources\renderer</Filter>
    </ClCompile>
    <ClCompile Include="Sources\renderer\Shaders.cpp">
      <Filter>Sources\renderer</Filter>
    </ClCompile>
    <ClCompile Include="Sources\renderer\Texture.cpp">
      <Filter>Sources\renderer</Filter>
    </ClCompile>
    <ClCompile Include="Sources\renderer\TextureUtility.cpp">
      <Filter>Sources\renderer</Filter>
    </ClCompile>
  </ItemGroup>
  <ItemGroup>
    <Image Include="Resources\bluewater.png">
      <Filter>Resource Files</Filter>
    </Image>
    <Image Include="Resources\boss.png">
      <Filter>Resource Files</Filter>
    </Image>
    <Image Include="Resources\Hello.png">
      <Filter>Resource Files</Filter>
    </Image>
    <Image Include="Resources\monguger.tga">
      <Filter>Resource Files</Filter>
    </Image>
  </ItemGroup>
  <ItemGroup>
    <Object Include="Resources\boss1.obj">
      <Filter>Resource Files</Filter>
    </Object>
  </ItemGroup>
  <ItemGroup>
    <FxCompile Include="Resources\shader\C3bC3t.hlsl">
      <Filter>Resource Files\shader</Filter>
    </FxCompile>
    <FxCompile Include="Resources\shader\DeferredLighting.hlsl">
      <Filter>Resource Files\shader</Filter>
    </FxCompile>
    <FxCompile Include="Resources\shader\GBufferPack.hlsl">
      <Filter>Resource Files\shader</Filter>
    </FxCompile>
    <FxCompile Include="Resources\shader\GBufferUnpack.hlsl">
      <Filter>Resource Files\shader</Filter>
    </FxCompile>
    <FxCompile Include="Resources\shader\Line.hlsl">
      <Filter>Resource Files\shader</Filter>
    </FxCompile>
    <FxCompile Include="Resources\shader\Obj.hlsl">
      <Filter>Resource Files\shader</Filter>
    </FxCompile>
    <FxCompile Include="Resources\shader\Point.hlsl">
      <Filter>Resource Files\shader</Filter>
    </FxCompile>
    <FxCompile Include="Resources\shader\Polygon3D.hlsl">
      <Filter>Resource Files\shader</Filter>
    </FxCompile>
    <FxCompile Include="Resources\shader\PositionMultiplyColor.hlsl">
      <Filter>Resource Files\shader</Filter>
    </FxCompile>
    <FxCompile Include="Resources\shader\PositionRenderBufferMultiplyColor.hlsl">
      <Filter>Resource Files\shader</Filter>
    </FxCompile>
    <FxCompile Include="Resources\shader\PositionTextureMultiplyColor.hlsl">
      <Filter>Resource Files\shader</Filter>
    </FxCompile>
    <FxCompile Include="Resources\shader\Polygon3DForward.hlsl">
      <Filter>Resource Files\shader</Filter>
    </FxCompile>
    <FxCompile Include="Resources\shader\C3bC3tForward.hlsl">
      <Filter>Resource Files\shader</Filter>
    </FxCompile>
    <FxCompile Include="Resources\shader\ObjForward.hlsl">
      <Filter>Resource Files\shader</Filter>
    </FxCompile>
  </ItemGroup>
</Project>