<?xml version="1.0" encoding="utf-8"?>
<Project ToolsVersion="4.0" xmlns="http://schemas.microsoft.com/developer/msbuild/2003">
  <ItemGroup>
    <Filter Include="Resource Files">
      <UniqueIdentifier>{67DA6AB6-F800-4c08-8B7A-83BB121AAD01}</UniqueIdentifier>
      <Extensions>rc;ico;cur;bmp;dlg;rc2;rct;bin;rgs;gif;jpg;jpeg;jpe;resx;tiff;tif;png;wav;mfcribbon-ms</Extensions>
    </Filter>
    <Filter Include="Sources">
      <UniqueIdentifier>{9e640d71-6dd2-479a-9677-87bce715068d}</UniqueIdentifier>
    </Filter>
    <Filter Include="Sources\elements">
      <UniqueIdentifier>{f3a42f3c-ca26-4c90-9734-5c98fcd9b02a}</UniqueIdentifier>
    </Filter>
    <Filter Include="Sources\pipline">
      <UniqueIdentifier>{d02e9796-1ec2-4e69-a6a2-07567648466d}</UniqueIdentifier>
    </Filter>
    <Filter Include="Sources\collision">
      <UniqueIdentifier>{43980410-7870-431b-b91e-baf3788b03c6}</UniqueIdentifier>
    </Filter>
  </ItemGroup>
  <ItemGroup>
    <ClInclude Include="Sources\elements\Shape.h">
      <Filter>Sources\elements</Filter>
    </ClInclude>
    <ClInclude Include="Sources\elements\ConvexMesh.h">
      <Filter>Sources\elements</Filter>
    </ClInclude>
    <ClInclude Include="Sources\elements\RigidBody.h">
      <Filter>Sources\elements</Filter>
    </ClInclude>
    <ClInclude Include="Sources\elements\Pair.h">
      <Filter>Sources\elements</Filter>
    </ClInclude>
    <ClInclude Include="Sources\elements\Contact.h">
      <Filter>Sources\elements</Filter>
    </ClInclude>
    <ClInclude Include="Sources\elements\Constraint.h">
      <Filter>Sources\elements</Filter>
    </ClInclude>
    <ClInclude Include="Sources\elements\Collidable.h">
      <Filter>Sources\elements</Filter>
    </ClInclude>
    <ClInclude Include="Sources\elements\SolverBody.h">
      <Filter>Sources\elements</Filter>
    </ClInclude>
    <ClInclude Include="Sources\pipeline\BroadPhase.h">
      <Filter>Sources\pipline</Filter>
    </ClInclude>
    <ClInclude Include="Sources\pipeline\CollisionDetection.h">
      <Filter>Sources\pipline</Filter>
    </ClInclude>
    <ClInclude Include="Sources\elements\State.h">
      <Filter>Sources\elements</Filter>
    </ClInclude>
    <ClInclude Include="Sources\pipeline\ConstraintSolver.h">
      <Filter>Sources\pipline</Filter>
    </ClInclude>
    <ClInclude Include="Sources\elements\BallJoint.h">
      <Filter>Sources\elements</Filter>
    </ClInclude>
    <ClInclude Include="Sources\pipeline\Integrate.h">
      <Filter>Sources\pipline</Filter>
    </ClInclude>
    <ClInclude Include="Sources\pipeline\Sort.h">
      <Filter>Sources\pipline</Filter>
    </ClInclude>
    <ClInclude Include="Sources\Simulation.h">
      <Filter>Sources</Filter>
    </ClInclude>
    <ClInclude Include="Sources\collision\ConvexConvexContact.h">
      <Filter>Sources\collision</Filter>
    </ClInclude>
    <ClInclude Include="Sources\collision\ClosestFunction.h">
      <Filter>Sources\collision</Filter>
    </ClInclude>
  </ItemGroup>
  <ItemGroup>
    <ClCompile Include="Sources\elements\ConvexMesh.cpp">
      <Filter>Sources\elements</Filter>
    </ClCompile>
    <ClCompile Include="Sources\elements\Contact.cpp">
      <Filter>Sources\elements</Filter>
    </ClCompile>
    <ClCompile Include="Sources\pipeline\BroadPhase.cpp">
      <Filter>Sources\pipline</Filter>
    </ClCompile>
    <ClCompile Include="Sources\pipeline\CollisionDetection.cpp">
      <Filter>Sources\pipline</Filter>
    </ClCompile>
    <ClCompile Include="Sources\pipeline\ConstraintSolver.cpp">
      <Filter>Sources\pipline</Filter>
    </ClCompile>
    <ClCompile Include="Sources\pipeline\Integrate.cpp">
      <Filter>Sources\pipline</Filter>
    </ClCompile>
    <ClCompile Include="Sources\Simulation.cpp">
      <Filter>Sources</Filter>
    </ClCompile>
    <ClCompile Include="Sources\collision\ConvexConvexContact.cpp">
      <Filter>Sources\collision</Filter>
    </ClCompile>
    <ClCompile Include="Sources\collision\ClosestFunction.cpp">
      <Filter>Sources\collision</Filter>
    </ClCompile>
  </ItemGroup>
</Project>